
Microsoft Visual Studio Solution File, Format Version 12.00
# Visual Studio 15
VisualStudioVersion = 15.0.28307.329
MinimumVisualStudioVersion = 10.0.40219.1
Project("{FAE04EC0-301F-11D3-BF4B-00C04F79EFBC}") = "ContosoUniversity", "ContosoUniversity\ContosoUniversity.csproj", "{BD03FBE4-0E89-4E71-B492-E694A5762BF0}"
EndProject
Global
	GlobalSection(SolutionConfigurationPlatforms) = preSolution
		Debug|Any CPU = Debug|Any CPU
		Release|Any CPU = Release|Any CPU
	EndGlobalSection
	GlobalSection(ProjectConfigurationPlatforms) = postSolution
		{BD03FBE4-0E89-4E71-B492-E694A5762BF0}.Debug|Any CPU.ActiveCfg = Debug|Any CPU
		{BD03FBE4-0E89-4E71-B492-E694A5762BF0}.Debug|Any CPU.Build.0 = Debug|Any CPU
		{BD03FBE4-0E89-4E71-B492-E694A5762BF0}.Release|Any CPU.ActiveCfg = Release|Any CPU
		{BD03FBE4-0E89-4E71-B492-E694A5762BF0}.Release|Any CPU.Build.0 = Release|Any CPU
	EndGlobalSection
	GlobalSection(SolutionProperties) = preSolution
		HideSolutionNode = FALSE
	EndGlobalSection
	GlobalSection(ExtensibilityGlobals) = postSolution
		SolutionGuid = {2864D749-6A42-42EB-BEDC-A0B2E5BDEAF1}
	EndGlobalSection
EndGlobal
